// !$*UTF8*$!
{
	archiveVersion = 1;
	classes = {
	};
	objectVersion = 77;
	objects = {

/* Begin PBXBuildFile section */
		AE1A616C2F14BF0B008BA887 /* FirebaseInAppMessaging-Beta in Frameworks */ = {isa = PBXBuildFile; productRef = AE1A616B2F14BF0B008BA887 /* FirebaseInAppMessaging-Beta */; };
		AE1A616E2F14BF0B008BA887 /* FirebaseMessaging in Frameworks */ = {isa = PBXBuildFile; productRef = AE1A616D2F14BF0B008BA887 /* FirebaseMessaging */; };
		AEAE11762F1F7D91003288AE /* RazorpayCheckout in Frameworks */ = {isa = PBXBuildFile; productRef = AEAE11752F1F7D91003288AE /* RazorpayCheckout */; };
		AEC645A52F1B6F3200067B6D /* YouTubeiOSPlayerHelper in Frameworks */ = {isa = PBXBuildFile; productRef = AEC645A42F1B6F3200067B6D /* YouTubeiOSPlayerHelper */; };
		AEC645A82F1B885200067B6D /* YouTubePlayerKit in Frameworks */ = {isa = PBXBuildFile; productRef = AEC645A72F1B885200067B6D /* YouTubePlayerKit */; };
		AEC645AB2F1B8AA700067B6D /* YouTubeKit in Frameworks */ = {isa = PBXBuildFile; productRef = AEC645AA2F1B8AA700067B6D /* YouTubeKit */; };
		AEE9468D2F12372C008E842B /* Lottie in Frameworks */ = {isa = PBXBuildFile; productRef = AEE9468C2F12372C008E842B /* Lottie */; };
/* End PBXBuildFile section */

/* Begin PBXContainerItemProxy section */
		AE562E5B2F08E17C00D6C662 /* PBXContainerItemProxy */ = {
			isa = PBXContainerItemProxy;
			containerPortal = AE562E402F08E17B00D6C662 /* Project object */;
			proxyType = 1;
			remoteGlobalIDString = AE562E472F08E17B00D6C662;
			remoteInfo = SaiStudyClasses;
		};
		AE562E652F08E17C00D6C662 /* PBXContainerItemProxy */ = {
			isa = PBXContainerItemProxy;
			containerPortal = AE562E402F08E17B00D6C662 /* Project object */;
			proxyType = 1;
			remoteGlobalIDString = AE562E472F08E17B00D6C662;
			remoteInfo = SaiStudyClasses;
		};
/* End PBXContainerItemProxy section */

/* Begin PBXFileReference section */
		AE1874C42F1F661400751280 /* SaiStudyClasses.app */ = {isa = PBXFileReference; explicitFileType = wrapper.application; includeInIndex = 0; path = SaiStudyClasses.app; sourceTree = BUILT_PRODUCTS_DIR; };
		AE1874C52F1F661400751280 /* SaiStudyClassesTests.xctest */ = {isa = PBXFileReference; explicitFileType = wrapper.cfbundle; includeInIndex = 0; path = SaiStudyClassesTests.xctest; sourceTree = BUILT_PRODUCTS_DIR; };
		AE1874C62F1F661400751280 /* SaiStudyClassesUITests.xctest */ = {isa = PBXFileReference; explicitFileType = wrapper.cfbundle; includeInIndex = 0; path = SaiStudyClassesUITests.xctest; sourceTree = BUILT_PRODUCTS_DIR; };
/* End PBXFileReference section */

/* Begin PBXFileSystemSynchronizedBuildFileExceptionSet section */
		AE1A61762F14C9EE008BA887 /* Exceptions for "SaiStudyClasses" folder in "SaiStudyClasses" target */ = {
			isa = PBXFileSystemSynchronizedBuildFileExceptionSet;
			membershipExceptions = (
				Info.plist,
			);
			target = AE562E472F08E17B00D6C662 /* SaiStudyClasses */;
		};
/* End PBXFileSystemSynchronizedBuildFileExceptionSet section */

/* Begin PBXFileSystemSynchronizedRootGroup section */
		AE562E4A2F08E17B00D6C662 /* SaiStudyClasses */ = {
			isa = PBXFileSystemSynchronizedRootGroup;
			exceptions = (
				AE1A61762F14C9EE008BA887 /* Exceptions for "SaiStudyClasses" folder in "SaiStudyClasses" target */,
			);
			path = SaiStudyClasses;
			sourceTree = "<group>";
		};
		AE562E5D2F08E17C00D6C662 /* SaiStudyClassesTests */ = {
			isa = PBXFileSystemSynchronizedRootGroup;
			path = SaiStudyClassesTests;
			sourceTree = "<group>";
		};
		AE562E672F08E17C00D6C662 /* SaiStudyClassesUITests */ = {
			isa = PBXFileSystemSynchronizedRootGroup;
			path = SaiStudyClassesUITests;
			sourceTree = "<group>";
		};
/* End PBXFileSystemSynchronizedRootGroup section */

/* Begin PBXFrameworksBuildPhase section */
		AE562E452F08E17B00D6C662 /* Frameworks */ = {
			isa = PBXFrameworksBuildPhase;
			buildActionMask = 2147483647;
			files = (
				AE1A616E2F14BF0B008BA887 /* FirebaseMessaging in Frameworks */,
				AEE9468D2F12372C008E842B /* Lottie in Frameworks */,
				AEAE11762F1F7D91003288AE /* RazorpayCheckout in Frameworks */,
				AEC645A82F1B885200067B6D /* YouTubePlayerKit in Frameworks */,
				AE1A616C2F14BF0B008BA887 /* FirebaseInAppMessaging-Beta in Frameworks */,
				AEC645A52F1B6F3200067B6D /* YouTubeiOSPlayerHelper in Frameworks */,
				AEC645AB2F1B8AA700067B6D /* YouTubeKit in Frameworks */,
			);
			runOnlyForDeploymentPostprocessing = 0;
		};
		AE562E572F08E17C00D6C662 /* Frameworks */ = {
			isa = PBXFrameworksBuildPhase;
			buildActionMask = 2147483647;
			files = (
			);
			runOnlyForDeploymentPostprocessing = 0;
		};
		AE562E612F08E17C00D6C662 /* Frameworks */ = {
			isa = PBXFrameworksBuildPhase;
			buildActionMask = 2147483647;
			files = (
			);
			runOnlyForDeploymentPostprocessing = 0;
		};
/* End PBXFrameworksBuildPhase section */

/* Begin PBXGroup section */
		AE562E3F2F08E17B00D6C662 = {
			isa = PBXGroup;
			children = (
				AE562E4A2F08E17B00D6C662 /* SaiStudyClasses */,
				AE562E5D2F08E17C00D6C662 /* SaiStudyClassesTests */,
				AE562E672F08E17C00D6C662 /* SaiStudyClassesUITests */,
				AE1874C42F1F661400751280 /* SaiStudyClasses.app */,
				AE1874C52F1F661400751280 /* SaiStudyClassesTests.xctest */,
				AE1874C62F1F661400751280 /* SaiStudyClassesUITests.xctest */,
			);
			sourceTree = "<group>";
		};
/* End PBXGroup section */

/* Begin PBXNativeTarget section */
		AE562E472F08E17B00D6C662 /* SaiStudyClasses */ = {
			isa = PBXNativeTarget;
			buildConfigurationList = AE562E6E2F08E17C00D6C662 /* Build configuration list for PBXNativeTarget "SaiStudyClasses" */;
			buildPhases = (
				AE562E442F08E17B00D6C662 /* Sources */,
				AE562E452F08E17B00D6C662 /* Frameworks */,
				AE562E462F08E17B00D6C662 /* Resources */,
			);
			buildRules = (
			);
			dependencies = (
			);
			fileSystemSynchronizedGroups = (
				AE562E4A2F08E17B00D6C662 /* SaiStudyClasses */,
			);
			name = SaiStudyClasses;
			packageProductDependencies = (
				AEE9468C2F12372C008E842B /* Lottie */,
				AE1A616B2F14BF0B008BA887 /* FirebaseInAppMessaging-Beta */,
				AE1A616D2F14BF0B008BA887 /* FirebaseMessaging */,
				AEC645A42F1B6F3200067B6D /* YouTubeiOSPlayerHelper */,
				AEC645A72F1B885200067B6D /* YouTubePlayerKit */,
				AEC645AA2F1B8AA700067B6D /* YouTubeKit */,
				AEAE11752F1F7D91003288AE /* RazorpayCheckout */,
			);
			productName = SaiStudyClasses;
			productReference = AE1874C42F1F661400751280 /* SaiStudyClasses.app */;
			productType = "com.apple.product-type.application";
		};
		AE562E592F08E17C00D6C662 /* SaiStudyClassesTests */ = {
			isa = PBXNativeTarget;
			buildConfigurationList = AE562E712F08E17C00D6C662 /* Build configuration list for PBXNativeTarget "SaiStudyClassesTests" */;
			buildPhases = (
				AE562E562F08E17C00D6C662 /* Sources */,
				AE562E572F08E17C00D6C662 /* Frameworks */,
				AE562E582F08E17C00D6C662 /* Resources */,
			);
			buildRules = (
			);
			dependencies = (
				AE562E5C2F08E17C00D6C662 /* PBXTargetDependency */,
			);
			fileSystemSynchronizedGroups = (
				AE562E5D2F08E17C00D6C662 /* SaiStudyClassesTests */,
			);
			name = SaiStudyClassesTests;
			productName = SaiStudyClassesTests;
			productReference = AE1874C52F1F661400751280 /* SaiStudyClassesTests.xctest */;
			productType = "com.apple.product-type.bundle.unit-test";
		};
		AE562E632F08E17C00D6C662 /* SaiStudyClassesUITests */ = {
			isa = PBXNativeTarget;
			buildConfigurationList = AE562E742F08E17C00D6C662 /* Build configuration list for PBXNativeTarget "SaiStudyClassesUITests" */;
			buildPhases = (
				AE562E602F08E17C00D6C662 /* Sources */,
				AE562E612F08E17C00D6C662 /* Frameworks */,
				AE562E622F08E17C00D6C662 /* Resources */,
			);
			buildRules = (
			);
			dependencies = (
				AE562E662F08E17C00D6C662 /* PBXTargetDependency */,
			);
			fileSystemSynchronizedGroups = (
				AE562E672F08E17C00D6C662 /* SaiStudyClassesUITests */,
			);
			name = SaiStudyClassesUITests;
			productName = SaiStudyClassesUITests;
			productReference = AE1874C62F1F661400751280 /* SaiStudyClassesUITests.xctest */;
			productType = "com.apple.product-type.bundle.ui-testing";
		};
/* End PBXNativeTarget section */

/* Begin PBXProject section */
		AE562E402F08E17B00D6C662 /* Project object */ = {
			isa = PBXProject;
			attributes = {
				BuildIndependentTargetsInParallel = 1;
				LastSwiftUpdateCheck = 2620;
				LastUpgradeCheck = 2620;
				TargetAttributes = {
					AE562E472F08E17B00D6C662 = {
						CreatedOnToolsVersion = 26.2;
					};
					AE562E592F08E17C00D6C662 = {
						CreatedOnToolsVersion = 26.2;
						TestTargetID = AE562E472F08E17B00D6C662;
					};
					AE562E632F08E17C00D6C662 = {
						CreatedOnToolsVersion = 26.2;
						TestTargetID = AE562E472F08E17B00D6C662;
					};
				};
			};
			buildConfigurationList = AE562E432F08E17B00D6C662 /* Build configuration list for PBXProject "SaiStudyClasses" */;
			developmentRegion = en;
			hasScannedForEncodings = 0;
			knownRegions = (
				en,
				Base,
			);
			mainGroup = AE562E3F2F08E17B00D6C662;
			minimizedProjectReferenceProxies = 1;
			packageReferences = (
				AEE9468B2F12372C008E842B /* XCRemoteSwiftPackageReference "lottie-ios" */,
				AE1A616A2F14BF0B008BA887 /* XCRemoteSwiftPackageReference "firebase-ios-sdk" */,
				AEC645A32F1B6F3200067B6D /* XCRemoteSwiftPackageReference "youtube-ios-player-helper" */,
				AEC645A62F1B885200067B6D /* XCRemoteSwiftPackageReference "YouTubePlayerKit" */,
				AEC645A92F1B8AA700067B6D /* XCRemoteSwiftPackageReference "YouTubeKit" */,
				AEAE11742F1F7D91003288AE /* XCRemoteSwiftPackageReference "razorpay-pod" */,
			);
			preferredProjectObjectVersion = 77;
			productRefGroup = AE562E3F2F08E17B00D6C662;
			projectDirPath = "";
			projectRoot = "";
			targets = (
				AE562E472F08E17B00D6C662 /* SaiStudyClasses */,
				AE562E592F08E17C00D6C662 /* SaiStudyClassesTests */,
				AE562E632F08E17C00D6C662 /* SaiStudyClassesUITests */,
			);
		};
/* End PBXProject section */

/* Begin PBXResourcesBuildPhase section */
		AE562E462F08E17B00D6C662 /* Resources */ = {
			isa = PBXResourcesBuildPhase;
			buildActionMask = 2147483647;
			files = (
			);
			runOnlyForDeploymentPostprocessing = 0;
		};
		AE562E582F08E17C00D6C662 /* Resources */ = {
			isa = PBXResourcesBuildPhase;
			buildActionMask = 2147483647;
			files = (
			);
			runOnlyForDeploymentPostprocessing = 0;
		};
		AE562E622F08E17C00D6C662 /* Resources */ = {
			isa = PBXResourcesBuildPhase;
			buildActionMask = 2147483647;
			files = (
			);
			runOnlyForDeploymentPostprocessing = 0;
		};
/* End PBXResourcesBuildPhase section */

/* Begin PBXSourcesBuildPhase section */
		AE562E442F08E17B00D6C662 /* Sources */ = {
			isa = PBXSourcesBuildPhase;
			buildActionMask = 2147483647;
			files = (
			);
			runOnlyForDeploymentPostprocessing = 0;
		};
		AE562E562F08E17C00D6C662 /* Sources */ = {
			isa = PBXSourcesBuildPhase;
			buildActionMask = 2147483647;
			files = (
			);
			runOnlyForDeploymentPostprocessing = 0;
		};
		AE562E602F08E17C00D6C662 /* Sources */ = {
			isa = PBXSourcesBuildPhase;
			buildActionMask = 2147483647;
			files = (
			);
			runOnlyForDeploymentPostprocessing = 0;
		};
/* End PBXSourcesBuildPhase section */

/* Begin PBXTargetDependency section */
		AE562E5C2F08E17C00D6C662 /* PBXTargetDependency */ = {
			isa = PBXTargetDependency;
			target = AE562E472F08E17B00D6C662 /* SaiStudyClasses */;
			targetProxy = AE562E5B2F08E17C00D6C662 /* PBXContainerItemProxy */;
		};
		AE562E662F08E17C00D6C662 /* PBXTargetDependency */ = {
			isa = PBXTargetDependency;
			target = AE562E472F08E17B00D6C662 /* SaiStudyClasses */;
			targetProxy = AE562E652F08E17C00D6C662 /* PBXContainerItemProxy */;
		};
/* End PBXTargetDependency section */

/* Begin XCBuildConfiguration section */
		AE562E6C2F08E17C00D6C662 /* Debug */ = {
			isa = XCBuildConfiguration;
			buildSettings = {
				ALWAYS_SEARCH_USER_PATHS = NO;
				ASSETCATALOG_COMPILER_GENERATE_SWIFT_ASSET_SYMBOL_EXTENSIONS = YES;
				CLANG_ANALYZER_NONNULL = YES;
				CLANG_ANALYZER_NUMBER_OBJECT_CONVERSION = YES_AGGRESSIVE;
				CLANG_CXX_LANGUAGE_STANDARD = "gnu++20";
				CLANG_ENABLE_MODULES = YES;
				CLANG_ENABLE_OBJC_ARC = YES;
				CLANG_ENABLE_OBJC_WEAK = YES;
				CLANG_WARN_BLOCK_CAPTURE_AUTORELEASING = YES;
				CLANG_WARN_BOOL_CONVERSION = YES;
				CLANG_WARN_COMMA = YES;
				CLANG_WARN_CONSTANT_CONVERSION = YES;
				CLANG_WARN_DEPRECATED_OBJC_IMPLEMENTATIONS = YES;
				CLANG_WARN_DIRECT_OBJC_ISA_USAGE = YES_ERROR;
				CLANG_WARN_DOCUMENTATION_COMMENTS = YES;
				CLANG_WARN_EMPTY_BODY = YES;
				CLANG_WARN_ENUM_CONVERSION = YES;
				CLANG_WARN_INFINITE_RECURSION = YES;
				CLANG_WARN_INT_CONVERSION = YES;
				CLANG_WARN_NON_LITERAL_NULL_CONVERSION = YES;
				CLANG_WARN_OBJC_IMPLICIT_RETAIN_SELF = YES;
				CLANG_WARN_OBJC_LITERAL_CONVERSION = YES;
				CLANG_WARN_OBJC_ROOT_CLASS = YES_ERROR;
				CLANG_WARN_QUOTED_INCLUDE_IN_FRAMEWORK_HEADER = YES;
				CLANG_WARN_RANGE_LOOP_ANALYSIS = YES;
				CLANG_WARN_STRICT_PROTOTYPES = YES;
				CLANG_WARN_SUSPICIOUS_MOVE = YES;
				CLANG_WARN_UNGUARDED_AVAILABILITY = YES_AGGRESSIVE;
				CLANG_WARN_UNREACHABLE_CODE = YES;
				CLANG_WARN__DUPLICATE_METHOD_MATCH = YES;
				COPY_PHASE_STRIP = NO;
				DEBUG_INFORMATION_FORMAT = dwarf;
				ENABLE_STRICT_OBJC_MSGSEND = YES;
				ENABLE_TESTABILITY = YES;
				ENABLE_USER_SCRIPT_SANDBOXING = YES;
				GCC_C_LANGUAGE_STANDARD = gnu17;
				GCC_DYNAMIC_NO_PIC = NO;
				GCC_NO_COMMON_BLOCKS = YES;
				GCC_OPTIMIZATION_LEVEL = 0;
				GCC_PREPROCESSOR_DEFINITIONS = (
					"DEBUG=1",
					"$(inherited)",
				);
				GCC_WARN_64_TO_32_BIT_CONVERSION = YES;
				GCC_WARN_ABOUT_RETURN_TYPE = YES_ERROR;
				GCC_WARN_UNDECLARED_SELECTOR = YES;
				GCC_WARN_UNINITIALIZED_AUTOS = YES_AGGRESSIVE;
				GCC_WARN_UNUSED_FUNCTION = YES;
				GCC_WARN_UNUSED_VARIABLE = YES;
				IPHONEOS_DEPLOYMENT_TARGET = 26.2;
				LOCALIZATION_PREFERS_STRING_CATALOGS = YES;
				MTL_ENABLE_DEBUG_INFO = INCLUDE_SOURCE;
				MTL_FAST_MATH = YES;
				ONLY_ACTIVE_ARCH = YES;
				SDKROOT = iphoneos;
				SWIFT_ACTIVE_COMPILATION_CONDITIONS = "DEBUG $(inherited)";
				SWIFT_OPTIMIZATION_LEVEL = "-Onone";
			};
			name = Debug;
		};
		AE562E6D2F08E17C00D6C662 /* Release */ = {
			isa = XCBuildConfiguration;
			buildSettings = {
				ALWAYS_SEARCH_USER_PATHS = NO;
				ASSETCATALOG_COMPILER_GENERATE_SWIFT_ASSET_SYMBOL_EXTENSIONS = YES;
				CLANG_ANALYZER_NONNULL = YES;
				CLANG_ANALYZER_NUMBER_OBJECT_CONVERSION = YES_AGGRESSIVE;
				CLANG_CXX_LANGUAGE_STANDARD = "gnu++20";
				CLANG_ENABLE_MODULES = YES;
				CLANG_ENABLE_OBJC_ARC = YES;
				CLANG_ENABLE_OBJC_WEAK = YES;
				CLANG_WARN_BLOCK_CAPTURE_AUTORELEASING = YES;
				CLANG_WARN_BOOL_CONVERSION = YES;
				CLANG_WARN_COMMA = YES;
				CLANG_WARN_CONSTANT_CONVERSION = YES;
				CLANG_WARN_DEPRECATED_OBJC_IMPLEMENTATIONS = YES;
				CLANG_WARN_DIRECT_OBJC_ISA_USAGE = YES_ERROR;
				CLANG_WARN_DOCUMENTATION_COMMENTS = YES;
				CLANG_WARN_EMPTY_BODY = YES;
				CLANG_WARN_ENUM_CONVERSION = YES;
				CLANG_WARN_INFINITE_RECURSION = YES;
				CLANG_WARN_INT_CONVERSION = YES;
				CLANG_WARN_NON_LITERAL_NULL_CONVERSION = YES;
				CLANG_WARN_OBJC_IMPLICIT_RETAIN_SELF = YES;
				CLANG_WARN_OBJC_LITERAL_CONVERSION = YES;
				CLANG_WARN_OBJC_ROOT_CLASS = YES_ERROR;
				CLANG_WARN_QUOTED_INCLUDE_IN_FRAMEWORK_HEADER = YES;
				CLANG_WARN_RANGE_LOOP_ANALYSIS = YES;
				CLANG_WARN_STRICT_PROTOTYPES = YES;
				CLANG_WARN_SUSPICIOUS_MOVE = YES;
				CLANG_WARN_UNGUARDED_AVAILABILITY = YES_AGGRESSIVE;
				CLANG_WARN_UNREACHABLE_CODE = YES;
				CLANG_WARN__DUPLICATE_METHOD_MATCH = YES;
				COPY_PHASE_STRIP = NO;
				DEBUG_INFORMATION_FORMAT = "dwarf-with-dsym";
				ENABLE_NS_ASSERTIONS = NO;
				ENABLE_STRICT_OBJC_MSGSEND = YES;
				ENABLE_USER_SCRIPT_SANDBOXING = YES;
				GCC_C_LANGUAGE_STANDARD = gnu17;
				GCC_NO_COMMON_BLOCKS = YES;
				GCC_WARN_64_TO_32_BIT_CONVERSION = YES;
				GCC_WARN_ABOUT_RETURN_TYPE = YES_ERROR;
				GCC_WARN_UNDECLARED_SELECTOR = YES;
				GCC_WARN_UNINITIALIZED_AUTOS = YES_AGGRESSIVE;
				GCC_WARN_UNUSED_FUNCTION = YES;
				GCC_WARN_UNUSED_VARIABLE = YES;
				IPHONEOS_DEPLOYMENT_TARGET = 26.2;
				LOCALIZATION_PREFERS_STRING_CATALOGS = YES;
				MTL_ENABLE_DEBUG_INFO = NO;
				MTL_FAST_MATH = YES;
				SDKROOT = iphoneos;
				SWIFT_COMPILATION_MODE = wholemodule;
				VALIDATE_PRODUCT = YES;
			};
			name = Release;
		};
		AE562E6F2F08E17C00D6C662 /* Debug */ = {
			isa = XCBuildConfiguration;
			buildSettings = {
				ASSETCATALOG_COMPILER_APPICON_NAME = AppIcon;
				ASSETCATALOG_COMPILER_GLOBAL_ACCENT_COLOR_NAME = AccentColor;
				CODE_SIGN_ENTITLEMENTS = SaiStudyClasses/SaiStudyClasses.entitlements;
				CODE_SIGN_STYLE = Automatic;
				CURRENT_PROJECT_VERSION = 1;
				DEVELOPMENT_TEAM = "";
				ENABLE_PREVIEWS = YES;
				GENERATE_INFOPLIST_FILE = YES;
				INFOPLIST_FILE = SaiStudyClasses/Info.plist;
				INFOPLIST_KEY_UIApplicationSceneManifest_Generation = YES;
				INFOPLIST_KEY_UIApplicationSupportsIndirectInputEvents = YES;
				INFOPLIST_KEY_UILaunchScreen_Generation = YES;
				INFOPLIST_KEY_UISupportedInterfaceOrientations_iPad = "UIInterfaceOrientationPortrait UIInterfaceOrientationPortraitUpsideDown UIInterfaceOrientationLandscapeLeft UIInterfaceOrientationLandscapeRight";
				INFOPLIST_KEY_UISupportedInterfaceOrientations_iPhone = "UIInterfaceOrientationPortrait UIInterfaceOrientationLandscapeLeft UIInterfaceOrientationLandscapeRight";
				LD_RUNPATH_SEARCH_PATHS = (
					"$(inherited)",
					"@executable_path/Frameworks",
				);
				MARKETING_VERSION = 1.0;
				PRODUCT_BUNDLE_IDENTIFIER = com.app.shivansh.SaiStudyClasses;
				PRODUCT_NAME = "$(TARGET_NAME)";
				STRING_CATALOG_GENERATE_SYMBOLS = YES;
				SWIFT_APPROACHABLE_CONCURRENCY = YES;
				SWIFT_DEFAULT_ACTOR_ISOLATION = MainActor;
				SWIFT_EMIT_LOC_STRINGS = YES;
				SWIFT_UPCOMING_FEATURE_MEMBER_IMPORT_VISIBILITY = YES;
				SWIFT_VERSION = 5.0;
				TARGETED_DEVICE_FAMILY = "1,2";
			};
			name = Debug;
		};
		AE562E702F08E17C00D6C662 /* Release */ = {
			isa = XCBuildConfiguration;
			buildSettings = {
				ASSETCATALOG_COMPILER_APPICON_NAME = AppIcon;
				ASSETCATALOG_COMPILER_GLOBAL_ACCENT_COLOR_NAME = AccentColor;
				CODE_SIGN_ENTITLEMENTS = SaiStudyClasses/SaiStudyClasses.entitlements;
				CODE_SIGN_STYLE = Automatic;
				CURRENT_PROJECT_VERSION = 1;
				DEVELOPMENT_TEAM = "";
				ENABLE_PREVIEWS = YES;
				GENERATE_INFOPLIST_FILE = YES;
				INFOPLIST_FILE = SaiStudyClasses/Info.plist;
				INFOPLIST_KEY_UIApplicationSceneManifest_Generation = YES;
				INFOPLIST_KEY_UIApplicationSupportsIndirectInputEvents = YES;
				INFOPLIST_KEY_UILaunchScreen_Generation = YES;
				INFOPLIST_KEY_UISupportedInterfaceOrientations_iPad = "UIInterfaceOrientationPortrait UIInterfaceOrientationPortraitUpsideDown UIInterfaceOrientationLandscapeLeft UIInterfaceOrientationLandscapeRight";
				INFOPLIST_KEY_UISupportedInterfaceOrientations_iPhone = "UIInterfaceOrientationPortrait UIInterfaceOrientationLandscapeLeft UIInterfaceOrientationLandscapeRight";
				LD_RUNPATH_SEARCH_PATHS = (
					"$(inherited)",
					"@executable_path/Frameworks",
				);
				MARKETING_VERSION = 1.0;
				PRODUCT_BUNDLE_IDENTIFIER = com.app.shivansh.SaiStudyClasses;
				PRODUCT_NAME = "$(TARGET_NAME)";
				STRING_CATALOG_GENERATE_SYMBOLS = YES;
				SWIFT_APPROACHABLE_CONCURRENCY = YES;
				SWIFT_DEFAULT_ACTOR_ISOLATION = MainActor;
				SWIFT_EMIT_LOC_STRINGS = YES;
				SWIFT_UPCOMING_FEATURE_MEMBER_IMPORT_VISIBILITY = YES;
				SWIFT_VERSION = 5.0;
				TARGETED_DEVICE_FAMILY = "1,2";
			};
			name = Release;
		};
		AE562E722F08E17C00D6C662 /* Debug */ = {
			isa = XCBuildConfiguration;
			buildSettings = {
				BUNDLE_LOADER = "$(TEST_HOST)";
				CODE_SIGN_STYLE = Automatic;
				CURRENT_PROJECT_VERSION = 1;
				GENERATE_INFOPLIST_FILE = YES;
				IPHONEOS_DEPLOYMENT_TARGET = 26.2;
				MARKETING_VERSION = 1.0;
				PRODUCT_BUNDLE_IDENTIFIER = com.app.shivansh.SaiStudyClassesTests;
				PRODUCT_NAME = "$(TARGET_NAME)";
				STRING_CATALOG_GENERATE_SYMBOLS = NO;
				SWIFT_APPROACHABLE_CONCURRENCY = YES;
				SWIFT_EMIT_LOC_STRINGS = NO;
				SWIFT_UPCOMING_FEATURE_MEMBER_IMPORT_VISIBILITY = YES;
				SWIFT_VERSION = 5.0;
				TARGETED_DEVICE_FAMILY = "1,2";
				TEST_HOST = "$(BUILT_PRODUCTS_DIR)/SaiStudyClasses.app/$(BUNDLE_EXECUTABLE_FOLDER_PATH)/SaiStudyClasses";
			};
			name = Debug;
		};
		AE562E732F08E17C00D6C662 /* Release */ = {
			isa = XCBuildConfiguration;
			buildSettings = {
				BUNDLE_LOADER = "$(TEST_HOST)";
				CODE_SIGN_STYLE = Automatic;
				CURRENT_PROJECT_VERSION = 1;
				GENERATE_INFOPLIST_FILE = YES;
				IPHONEOS_DEPLOYMENT_TARGET = 26.2;
				MARKETING_VERSION = 1.0;
				PRODUCT_BUNDLE_IDENTIFIER = com.app.shivansh.SaiStudyClassesTests;
				PRODUCT_NAME = "$(TARGET_NAME)";
				STRING_CATALOG_GENERATE_SYMBOLS = NO;
				SWIFT_APPROACHABLE_CONCURRENCY = YES;
				SWIFT_EMIT_LOC_STRINGS = NO;
				SWIFT_UPCOMING_FEATURE_MEMBER_IMPORT_VISIBILITY = YES;
				SWIFT_VERSION = 5.0;
				TARGETED_DEVICE_FAMILY = "1,2";
				TEST_HOST = "$(BUILT_PRODUCTS_DIR)/SaiStudyClasses.app/$(BUNDLE_EXECUTABLE_FOLDER_PATH)/SaiStudyClasses";
			};
			name = Release;
		};
		AE562E752F08E17C00D6C662 /* Debug */ = {
			isa = XCBuildConfiguration;
			buildSettings = {
				CODE_SIGN_STYLE = Automatic;
				CURRENT_PROJECT_VERSION = 1;
				GENERATE_INFOPLIST_FILE = YES;
				MARKETING_VERSION = 1.0;
				PRODUCT_BUNDLE_IDENTIFIER = com.app.shivansh.SaiStudyClassesUITests;
				PRODUCT_NAME = "$(TARGET_NAME)";
				STRING_CATALOG_GENERATE_SYMBOLS = NO;
				SWIFT_APPROACHABLE_CONCURRENCY = YES;
				SWIFT_EMIT_LOC_STRINGS = NO;
				SWIFT_UPCOMING_FEATURE_MEMBER_IMPORT_VISIBILITY = YES;
				SWIFT_VERSION = 5.0;
				TARGETED_DEVICE_FAMILY = "1,2";
				TEST_TARGET_NAME = SaiStudyClasses;
			};
			name = Debug;
		};
		AE562E762F08E17C00D6C662 /* Release */ = {
			isa = XCBuildConfiguration;
			buildSettings = {
				CODE_SIGN_STYLE = Automatic;
				CURRENT_PROJECT_VERSION = 1;
				GENERATE_INFOPLIST_FILE = YES;
				MARKETING_VERSION = 1.0;
				PRODUCT_BUNDLE_IDENTIFIER = com.app.shivansh.SaiStudyClassesUITests;
				PRODUCT_NAME = "$(TARGET_NAME)";
				STRING_CATALOG_GENERATE_SYMBOLS = NO;
				SWIFT_APPROACHABLE_CONCURRENCY = YES;
				SWIFT_EMIT_LOC_STRINGS = NO;
				SWIFT_UPCOMING_FEATURE_MEMBER_IMPORT_VISIBILITY = YES;
				SWIFT_VERSION = 5.0;
				TARGETED_DEVICE_FAMILY = "1,2";
				TEST_TARGET_NAME = SaiStudyClasses;
			};
			name = Release;
		};
/* End XCBuildConfiguration section */

/* Begin XCConfigurationList section */
		AE562E432F08E17B00D6C662 /* Build configuration list for PBXProject "SaiStudyClasses" */ = {
			isa = XCConfigurationList;
			buildConfigurations = (
				AE562E6C2F08E17C00D6C662 /* Debug */,
				AE562E6D2F08E17C00D6C662 /* Release */,
			);
			defaultConfigurationIsVisible = 0;
			defaultConfigurationName = Release;
		};
		AE562E6E2F08E17C00D6C662 /* Build configuration list for PBXNativeTarget "SaiStudyClasses" */ = {
			isa = XCConfigurationList;
			buildConfigurations = (
				AE562E6F2F08E17C00D6C662 /* Debug */,
				AE562E702F08E17C00D6C662 /* Release */,
			);
			defaultConfigurationIsVisible = 0;
			defaultConfigurationName = Release;
		};
		AE562E712F08E17C00D6C662 /* Build configuration list for PBXNativeTarget "SaiStudyClassesTests" */ = {
			isa = XCConfigurationList;
			buildConfigurations = (
				AE562E722F08E17C00D6C662 /* Debug */,
				AE562E732F08E17C00D6C662 /* Release */,
			);
			defaultConfigurationIsVisible = 0;
			defaultConfigurationName = Release;
		};
		AE562E742F08E17C00D6C662 /* Build configuration list for PBXNativeTarget "SaiStudyClassesUITests" */ = {
			isa = XCConfigurationList;
			buildConfigurations = (
				AE562E752F08E17C00D6C662 /* Debug */,
				AE562E762F08E17C00D6C662 /* Release */,
			);
			defaultConfigurationIsVisible = 0;
			defaultConfigurationName = Release;
		};
/* End XCConfigurationList section */

/* Begin XCRemoteSwiftPackageReference section */
		AE1A616A2F14BF0B008BA887 /* XCRemoteSwiftPackageReference "firebase-ios-sdk" */ = {
			isa = XCRemoteSwiftPackageReference;
			repositoryURL = "https://github.com/firebase/firebase-ios-sdk";
			requirement = {
				kind = upToNextMajorVersion;
				minimumVersion = 12.7.0;
			};
		};
		AEAE11742F1F7D91003288AE /* XCRemoteSwiftPackageReference "razorpay-pod" */ = {
			isa = XCRemoteSwiftPackageReference;
			repositoryURL = "https://github.com/razorpay/razorpay-pod";
			requirement = {
				kind = upToNextMajorVersion;
				minimumVersion = 1.5.2;
			};
		};
		AEC645A32F1B6F3200067B6D /* XCRemoteSwiftPackageReference "youtube-ios-player-helper" */ = {
			isa = XCRemoteSwiftPackageReference;
			repositoryURL = "https://github.com/youtube/youtube-ios-player-helper.git";
			requirement = {
				kind = upToNextMajorVersion;
				minimumVersion = 1.0.4;
			};
		};
		AEC645A62F1B885200067B6D /* XCRemoteSwiftPackageReference "YouTubePlayerKit" */ = {
			isa = XCRemoteSwiftPackageReference;
			repositoryURL = "https://github.com/SvenTiigi/YouTubePlayerKit";
			requirement = {
				kind = upToNextMajorVersion;
				minimumVersion = 2.0.5;
			};
		};
		AEC645A92F1B8AA700067B6D /* XCRemoteSwiftPackageReference "YouTubeKit" */ = {
			isa = XCRemoteSwiftPackageReference;
			repositoryURL = "https://github.com/b5i/YouTubeKit";
			requirement = {
				branch = main;
				kind = branch;
			};
		};
		AEE9468B2F12372C008E842B /* XCRemoteSwiftPackageReference "lottie-ios" */ = {
			isa = XCRemoteSwiftPackageReference;
			repositoryURL = "https://github.com/airbnb/lottie-ios";
			requirement = {
				kind = upToNextMajorVersion;
				minimumVersion = 4.6.0;
			};
		};
/* End XCRemoteSwiftPackageReference section */

/* Begin XCSwiftPackageProductDependency section */
		AE1A616B2F14BF0B008BA887 /* FirebaseInAppMessaging-Beta */ = {
			isa = XCSwiftPackageProductDependency;
			package = AE1A616A2F14BF0B008BA887 /* XCRemoteSwiftPackageReference "firebase-ios-sdk" */;
			productName = "FirebaseInAppMessaging-Beta";
		};
		AE1A616D2F14BF0B008BA887 /* FirebaseMessaging */ = {
			isa = XCSwiftPackageProductDependency;
			package = AE1A616A2F14BF0B008BA887 /* XCRemoteSwiftPackageReference "firebase-ios-sdk" */;
			productName = FirebaseMessaging;
		};
		AEAE11752F1F7D91003288AE /* RazorpayCheckout */ = {
			isa = XCSwiftPackageProductDependency;
			package = AEAE11742F1F7D91003288AE /* XCRemoteSwiftPackageReference "razorpay-pod" */;
			productName = RazorpayCheckout;
		};
		AEC645A42F1B6F3200067B6D /* YouTubeiOSPlayerHelper */ = {
			isa = XCSwiftPackageProductDependency;
			package = AEC645A32F1B6F3200067B6D /* XCRemoteSwiftPackageReference "youtube-ios-player-helper" */;
			productName = YouTubeiOSPlayerHelper;
		};
		AEC645A72F1B885200067B6D /* YouTubePlayerKit */ = {
			isa = XCSwiftPackageProductDependency;
			package = AEC645A62F1B885200067B6D /* XCRemoteSwiftPackageReference "YouTubePlayerKit" */;
			productName = YouTubePlayerKit;
		};
		AEC645AA2F1B8AA700067B6D /* YouTubeKit */ = {
			isa = XCSwiftPackageProductDependency;
			package = AEC645A92F1B8AA700067B6D /* XCRemoteSwiftPackageReference "YouTubeKit" */;
			productName = YouTubeKit;
		};
		AEE9468C2F12372C008E842B /* Lottie */ = {
			isa = XCSwiftPackageProductDependency;
			package = AEE9468B2F12372C008E842B /* XCRemoteSwiftPackageReference "lottie-ios" */;
			productName = Lottie;
		};
/* End XCSwiftPackageProductDependency section */
	};
	rootObject = AE562E402F08E17B00D6C662 /* Project object */;
}
